<?xml version="1.0" encoding="utf-8"?>
<Project ToolsVersion="4.0" xmlns="http://schemas.microsoft.com/developer/msbuild/2003">
  <ItemGroup>
    <Filter Include="CDA">
      <UniqueIdentifier>{EDD8870B-59E2-877C-E25D-9E7C4E66937C}</UniqueIdentifier>
    </Filter>
  </ItemGroup>
  <ItemGroup>
    <ClInclude Include="src\CDA.h" />
    <ClInclude Include="src\CDA\Application.h">
      <Filter>CDA</Filter>
    </ClInclude>
    <ClInclude Include="src\CDA\Core.h">
      <Filter>CDA</Filter>
    </ClInclude>
    <ClInclude Include="src\CDA\EntryPoint.h">
      <Filter>CDA</Filter>
    </ClInclude>
    <ClInclude Include="src\CDA\Log.h">
      <Filter>CDA</Filter>
    </ClInclude>
  </ItemGroup>
  <ItemGroup>
    <ClCompile Include="src\CDA\Application.cpp">
      <Filter>CDA</Filter>
    </ClCompile>
    <ClCompile Include="src\CDA\Log.cpp">
      <Filter>CDA</Filter>
    </ClCompile>
  </ItemGroup>
</Project>